
Microsoft Visual Studio Solution File, Format Version 12.00
# Visual Studio Version 17
VisualStudioVersion = 17.11.35312.102
MinimumVisualStudioVersion = 10.0.40219.1
Project("{FAE04EC0-301F-11D3-BF4B-00C04F79EFBC}") = "Lights_W09Lab", "Lights_W09Lab.csproj", "{244B3F87-F550-4DEB-AE5D-32EB6704294B}"
EndProject
Global
	GlobalSection(SolutionConfigurationPlatforms) = preSolution
		Debug|Any CPU = Debug|Any CPU
		Release|Any CPU = Release|Any CPU
	EndGlobalSection
	GlobalSection(ProjectConfigurationPlatforms) = postSolution
		{244B3F87-F550-4DEB-AE5D-32EB6704294B}.Debug|Any CPU.ActiveCfg = Debug|Any CPU
		{244B3F87-F550-4DEB-AE5D-32EB6704294B}.Debug|Any CPU.Build.0 = Debug|Any CPU
		{244B3F87-F550-4DEB-AE5D-32EB6704294B}.Release|Any CPU.ActiveCfg = Release|Any CPU
		{244B3F87-F550-4DEB-AE5D-32EB6704294B}.Release|Any CPU.Build.0 = Release|Any CPU
	EndGlobalSection
	GlobalSection(SolutionProperties) = preSolution
		HideSolutionNode = FALSE
	EndGlobalSection
	GlobalSection(ExtensibilityGlobals) = postSolution
		SolutionGuid = {3A5376EB-BB20-49B0-AC39-B0D8E02DC3AD}
	EndGlobalSection
EndGlobal
